
Microsoft Visual Studio Solution File, Format Version 12.00
# Visual Studio Version 17
VisualStudioVersion = 17.0.31903.59
MinimumVisualStudioVersion = 10.0.40219.1
Project("{2150E333-8FDC-42A3-9474-1A3956D46DE8}") = "src", "src", "{827E0CD3-B72D-47B6-A68D-7590B98EB39B}"
EndProject
Project("{FAE04EC0-301F-11D3-BF4B-00C04F79EFBC}") = "DecisionForge.Api", "src\DecisionForge.Api\DecisionForge.Api.csproj", "{AAC5D2E6-61FF-45C9-943B-1FBEDFB83312}"
EndProject
Project("{FAE04EC0-301F-11D3-BF4B-00C04F79EFBC}") = "DecisionForge.Application", "src\DecisionForge.Application\DecisionForge.Application.csproj", "{A5D3BB9D-F158-49E2-8BFF-B46ADBCF6EE6}"
EndProject
Project("{FAE04EC0-301F-11D3-BF4B-00C04F79EFBC}") = "DecisionForge.Domain", "src\DecisionForge.Domain\DecisionForge.Domain.csproj", "{56C83C02-38C3-44EF-B29D-25BD058DAA45}"
EndProject
Project("{FAE04EC0-301F-11D3-BF4B-00C04F79EFBC}") = "DecisionForge.Infrastructure", "src\DecisionForge.Infrastructure\DecisionForge.Infrastructure.csproj", "{748789F9-B281-4EC2-AEFA-188D9A783D77}"
EndProject
Project("{FAE04EC0-301F-11D3-BF4B-00C04F79EFBC}") = "DecisionForge.AppHost", "src\DecisionForge.AppHost\DecisionForge.AppHost.csproj", "{A757FAF6-9635-41A5-AB5C-E5BB8AEE6C3F}"
EndProject
Project("{FAE04EC0-301F-11D3-BF4B-00C04F79EFBC}") = "DecisionForge.ServiceDefaults", "src\DecisionForge.ServiceDefaults\DecisionForge.ServiceDefaults.csproj", "{762BE074-93C7-493E-A337-698FD15A621A}"
EndProject
Project("{2150E333-8FDC-42A3-9474-1A3956D46DE8}") = "tests", "tests", "{0AB3BF05-4346-4AA6-1389-037BE0695223}"
EndProject
Project("{FAE04EC0-301F-11D3-BF4B-00C04F79EFBC}") = "DecisionForge.Api.IntegrationTests", "tests\DecisionForge.Api.IntegrationTests\DecisionForge.Api.IntegrationTests.csproj", "{AC8C5785-4EF8-43F2-B7D7-4C2BA9EAFF6C}"
EndProject
Project("{FAE04EC0-301F-11D3-BF4B-00C04F79EFBC}") = "DecisionForge.Testing", "tests\DecisionForge.Testing\DecisionForge.Testing.csproj", "{B21F0D17-145D-4425-9E70-C55BBAFB94C4}"
EndProject
Project("{FAE04EC0-301F-11D3-BF4B-00C04F79EFBC}") = "DecisionForge.Application.UnitTests", "tests\DecisionForge.Application.UnitTests\DecisionForge.Application.UnitTests.csproj", "{68A73BEF-4E07-45F4-AE80-E9892A1C681B}"
EndProject
Project("{FAE04EC0-301F-11D3-BF4B-00C04F79EFBC}") = "DecisionForge.ArchitectureTests", "tests\DecisionForge.ArchitectureTests\DecisionForge.ArchitectureTests.csproj", "{9A7CF1E9-CC12-457A-8AB8-A17F5D5CCDC4}"
EndProject
Project("{FAE04EC0-301F-11D3-BF4B-00C04F79EFBC}") = "DecisionForge.ContractTests", "tests\DecisionForge.ContractTests\DecisionForge.ContractTests.csproj", "{062DBAE5-43FB-453D-B271-2CFA351CC660}"
EndProject
Project("{FAE04EC0-301F-11D3-BF4B-00C04F79EFBC}") = "DecisionForge.Domain.UnitTests", "tests\DecisionForge.Domain.UnitTests\DecisionForge.Domain.UnitTests.csproj", "{FBF18E85-FF30-4F4B-8642-90AF88622867}"
EndProject
Project("{FAE04EC0-301F-11D3-BF4B-00C04F79EFBC}") = "DecisionForge.Infrastructure.IntegrationTests", "tests\DecisionForge.Infrastructure.IntegrationTests\DecisionForge.Infrastructure.IntegrationTests.csproj", "{42C69C81-CEDD-4579-A4AA-F28AE884ACE7}"
EndProject
Project("{FAE04EC0-301F-11D3-BF4B-00C04F79EFBC}") = "DecisionForge.PerformanceTests", "tests\DecisionForge.PerformanceTests\DecisionForge.PerformanceTests.csproj", "{9ACA7780-79EC-45D3-B2D8-E3605359BCE9}"
EndProject
Global
	GlobalSection(SolutionConfigurationPlatforms) = preSolution
		Debug|Any CPU = Debug|Any CPU
		Debug|x64 = Debug|x64
		Debug|x86 = Debug|x86
		Release|Any CPU = Release|Any CPU
		Release|x64 = Release|x64
		Release|x86 = Release|x86
	EndGlobalSection
	GlobalSection(ProjectConfigurationPlatforms) = postSolution
		{AAC5D2E6-61FF-45C9-943B-1FBEDFB83312}.Debug|Any CPU.ActiveCfg = Debug|Any CPU
		{AAC5D2E6-61FF-45C9-943B-1FBEDFB83312}.Debug|Any CPU.Build.0 = Debug|Any CPU
		{AAC5D2E6-61FF-45C9-943B-1FBEDFB83312}.Debug|x64.ActiveCfg = Debug|Any CPU
		{AAC5D2E6-61FF-45C9-943B-1FBEDFB83312}.Debug|x64.Build.0 = Debug|Any CPU
		{AAC5D2E6-61FF-45C9-943B-1FBEDFB83312}.Debug|x86.ActiveCfg = Debug|Any CPU
		{AAC5D2E6-61FF-45C9-943B-1FBEDFB83312}.Debug|x86.Build.0 = Debug|Any CPU
		{AAC5D2E6-61FF-45C9-943B-1FBEDFB83312}.Release|Any CPU.ActiveCfg = Release|Any CPU
		{AAC5D2E6-61FF-45C9-943B-1FBEDFB83312}.Release|Any CPU.Build.0 = Release|Any CPU
		{AAC5D2E6-61FF-45C9-943B-1FBEDFB83312}.Release|x64.ActiveCfg = Release|Any CPU
		{AAC5D2E6-61FF-45C9-943B-1FBEDFB83312}.Release|x64.Build.0 = Release|Any CPU
		{AAC5D2E6-61FF-45C9-943B-1FBEDFB83312}.Release|x86.ActiveCfg = Release|Any CPU
		{AAC5D2E6-61FF-45C9-943B-1FBEDFB83312}.Release|x86.Build.0 = Release|Any CPU
		{A5D3BB9D-F158-49E2-8BFF-B46ADBCF6EE6}.Debug|Any CPU.ActiveCfg = Debug|Any CPU
		{A5D3BB9D-F158-49E2-8BFF-B46ADBCF6EE6}.Debug|Any CPU.Build.0 = Debug|Any CPU
		{A5D3BB9D-F158-49E2-8BFF-B46ADBCF6EE6}.Debug|x64.ActiveCfg = Debug|Any CPU
		{A5D3BB9D-F158-49E2-8BFF-B46ADBCF6EE6}.Debug|x64.Build.0 = Debug|Any CPU
		{A5D3BB9D-F158-49E2-8BFF-B46ADBCF6EE6}.Debug|x86.ActiveCfg = Debug|Any CPU
		{A5D3BB9D-F158-49E2-8BFF-B46ADBCF6EE6}.Debug|x86.Build.0 = Debug|Any CPU
		{A5D3BB9D-F158-49E2-8BFF-B46ADBCF6EE6}.Release|Any CPU.ActiveCfg = Release|Any CPU
		{A5D3BB9D-F158-49E2-8BFF-B46ADBCF6EE6}.Release|Any CPU.Build.0 = Release|Any CPU
		{A5D3BB9D-F158-49E2-8BFF-B46ADBCF6EE6}.Release|x64.ActiveCfg = Release|Any CPU
		{A5D3BB9D-F158-49E2-8BFF-B46ADBCF6EE6}.Release|x64.Build.0 = Release|Any CPU
		{A5D3BB9D-F158-49E2-8BFF-B46ADBCF6EE6}.Release|x86.ActiveCfg = Release|Any CPU
		{A5D3BB9D-F158-49E2-8BFF-B46ADBCF6EE6}.Release|x86.Build.0 = Release|Any CPU
		{56C83C02-38C3-44EF-B29D-25BD058DAA45}.Debug|Any CPU.ActiveCfg = Debug|Any CPU
		{56C83C02-38C3-44EF-B29D-25BD058DAA45}.Debug|Any CPU.Build.0 = Debug|Any CPU
		{56C83C02-38C3-44EF-B29D-25BD058DAA45}.Debug|x64.ActiveCfg = Debug|Any CPU
		{56C83C02-38C3-44EF-B29D-25BD058DAA45}.Debug|x64.Build.0 = Debug|Any CPU
		{56C83C02-38C3-44EF-B29D-25BD058DAA45}.Debug|x86.ActiveCfg = Debug|Any CPU
		{56C83C02-38C3-44EF-B29D-25BD058DAA45}.Debug|x86.Build.0 = Debug|Any CPU
		{56C83C02-38C3-44EF-B29D-25BD058DAA45}.Release|Any CPU.ActiveCfg = Release|Any CPU
		{56C83C02-38C3-44EF-B29D-25BD058DAA45}.Release|Any CPU.Build.0 = Release|Any CPU
		{56C83C02-38C3-44EF-B29D-25BD058DAA45}.Release|x64.ActiveCfg = Release|Any CPU
		{56C83C02-38C3-44EF-B29D-25BD058DAA45}.Release|x64.Build.0 = Release|Any CPU
		{56C83C02-38C3-44EF-B29D-25BD058DAA45}.Release|x86.ActiveCfg = Release|Any CPU
		{56C83C02-38C3-44EF-B29D-25BD058DAA45}.Release|x86.Build.0 = Release|Any CPU
		{748789F9-B281-4EC2-AEFA-188D9A783D77}.Debug|Any CPU.ActiveCfg = Debug|Any CPU
		{748789F9-B281-4EC2-AEFA-188D9A783D77}.Debug|Any CPU.Build.0 = Debug|Any CPU
		{748789F9-B281-4EC2-AEFA-188D9A783D77}.Debug|x64.ActiveCfg = Debug|Any CPU
		{748789F9-B281-4EC2-AEFA-188D9A783D77}.Debug|x64.Build.0 = Debug|Any CPU
		{748789F9-B281-4EC2-AEFA-188D9A783D77}.Debug|x86.ActiveCfg = Debug|Any CPU
		{748789F9-B281-4EC2-AEFA-188D9A783D77}.Debug|x86.Build.0 = Debug|Any CPU
		{748789F9-B281-4EC2-AEFA-188D9A783D77}.Release|Any CPU.ActiveCfg = Release|Any CPU
		{748789F9-B281-4EC2-AEFA-188D9A783D77}.Release|Any CPU.Build.0 = Release|Any CPU
		{748789F9-B281-4EC2-AEFA-188D9A783D77}.Release|x64.ActiveCfg = Release|Any CPU
		{748789F9-B281-4EC2-AEFA-188D9A783D77}.Release|x64.Build.0 = Release|Any CPU
		{748789F9-B281-4EC2-AEFA-188D9A783D77}.Release|x86.ActiveCfg = Release|Any CPU
		{748789F9-B281-4EC2-AEFA-188D9A783D77}.Release|x86.Build.0 = Release|Any CPU
		{A757FAF6-9635-41A5-AB5C-E5BB8AEE6C3F}.Debug|Any CPU.ActiveCfg = Debug|Any CPU
		{A757FAF6-9635-41A5-AB5C-E5BB8AEE6C3F}.Debug|Any CPU.Build.0 = Debug|Any CPU
		{A757FAF6-9635-41A5-AB5C-E5BB8AEE6C3F}.Debug|x64.ActiveCfg = Debug|Any CPU
		{A757FAF6-9635-41A5-AB5C-E5BB8AEE6C3F}.Debug|x64.Build.0 = Debug|Any CPU
		{A757FAF6-9635-41A5-AB5C-E5BB8AEE6C3F}.Debug|x86.ActiveCfg = Debug|Any CPU
		{A757FAF6-9635-41A5-AB5C-E5BB8AEE6C3F}.Debug|x86.Build.0 = Debug|Any CPU
		{A757FAF6-9635-41A5-AB5C-E5BB8AEE6C3F}.Release|Any CPU.ActiveCfg = Release|Any CPU
		{A757FAF6-9635-41A5-AB5C-E5BB8AEE6C3F}.Release|Any CPU.Build.0 = Release|Any CPU
		{A757FAF6-9635-41A5-AB5C-E5BB8AEE6C3F}.Release|x64.ActiveCfg = Release|Any CPU
		{A757FAF6-9635-41A5-AB5C-E5BB8AEE6C3F}.Release|x64.Build.0 = Release|Any CPU
		{A757FAF6-9635-41A5-AB5C-E5BB8AEE6C3F}.Release|x86.ActiveCfg = Release|Any CPU
		{A757FAF6-9635-41A5-AB5C-E5BB8AEE6C3F}.Release|x86.Build.0 = Release|Any CPU
		{762BE074-93C7-493E-A337-698FD15A621A}.Debug|Any CPU.ActiveCfg = Debug|Any CPU
		{762BE074-93C7-493E-A337-698FD15A621A}.Debug|Any CPU.Build.0 = Debug|Any CPU
		{762BE074-93C7-493E-A337-698FD15A621A}.Debug|x64.ActiveCfg = Debug|Any CPU
		{762BE074-93C7-493E-A337-698FD15A621A}.Debug|x64.Build.0 = Debug|Any CPU
		{762BE074-93C7-493E-A337-698FD15A621A}.Debug|x86.ActiveCfg = Debug|Any CPU
		{762BE074-93C7-493E-A337-698FD15A621A}.Debug|x86.Build.0 = Debug|Any CPU
		{762BE074-93C7-493E-A337-698FD15A621A}.Release|Any CPU.ActiveCfg = Release|Any CPU
		{762BE074-93C7-493E-A337-698FD15A621A}.Release|Any CPU.Build.0 = Release|Any CPU
		{762BE074-93C7-493E-A337-698FD15A621A}.Release|x64.ActiveCfg = Release|Any CPU
		{762BE074-93C7-493E-A337-698FD15A621A}.Release|x64.Build.0 = Release|Any CPU
		{762BE074-93C7-493E-A337-698FD15A621A}.Release|x86.ActiveCfg = Release|Any CPU
		{762BE074-93C7-493E-A337-698FD15A621A}.Release|x86.Build.0 = Release|Any CPU
		{AC8C5785-4EF8-43F2-B7D7-4C2BA9EAFF6C}.Debug|Any CPU.ActiveCfg = Debug|Any CPU
		{AC8C5785-4EF8-43F2-B7D7-4C2BA9EAFF6C}.Debug|Any CPU.Build.0 = Debug|Any CPU
		{AC8C5785-4EF8-43F2-B7D7-4C2BA9EAFF6C}.Debug|x64.ActiveCfg = Debug|Any CPU
		{AC8C5785-4EF8-43F2-B7D7-4C2BA9EAFF6C}.Debug|x64.Build.0 = Debug|Any CPU
		{AC8C5785-4EF8-43F2-B7D7-4C2BA9EAFF6C}.Debug|x86.ActiveCfg = Debug|Any CPU
		{AC8C5785-4EF8-43F2-B7D7-4C2BA9EAFF6C}.Debug|x86.Build.0 = Debug|Any CPU
		{AC8C5785-4EF8-43F2-B7D7-4C2BA9EAFF6C}.Release|Any CPU.ActiveCfg = Release|Any CPU
		{AC8C5785-4EF8-43F2-B7D7-4C2BA9EAFF6C}.Release|Any CPU.Build.0 = Release|Any CPU
		{AC8C5785-4EF8-43F2-B7D7-4C2BA9EAFF6C}.Release|x64.ActiveCfg = Release|Any CPU
		{AC8C5785-4EF8-43F2-B7D7-4C2BA9EAFF6C}.Release|x64.Build.0 = Release|Any CPU
		{AC8C5785-4EF8-43F2-B7D7-4C2BA9EAFF6C}.Release|x86.ActiveCfg = Release|Any CPU
		{AC8C5785-4EF8-43F2-B7D7-4C2BA9EAFF6C}.Release|x86.Build.0 = Release|Any CPU
		{B21F0D17-145D-4425-9E70-C55BBAFB94C4}.Debug|Any CPU.ActiveCfg = Debug|Any CPU
		{B21F0D17-145D-4425-9E70-C55BBAFB94C4}.Debug|Any CPU.Build.0 = Debug|Any CPU
		{B21F0D17-145D-4425-9E70-C55BBAFB94C4}.Debug|x64.ActiveCfg = Debug|Any CPU
		{B21F0D17-145D-4425-9E70-C55BBAFB94C4}.Debug|x64.Build.0 = Debug|Any CPU
		{B21F0D17-145D-4425-9E70-C55BBAFB94C4}.Debug|x86.ActiveCfg = Debug|Any CPU
		{B21F0D17-145D-4425-9E70-C55BBAFB94C4}.Debug|x86.Build.0 = Debug|Any CPU
		{B21F0D17-145D-4425-9E70-C55BBAFB94C4}.Release|Any CPU.ActiveCfg = Release|Any CPU
		{B21F0D17-145D-4425-9E70-C55BBAFB94C4}.Release|Any CPU.Build.0 = Release|Any CPU
		{B21F0D17-145D-4425-9E70-C55BBAFB94C4}.Release|x64.ActiveCfg = Release|Any CPU
		{B21F0D17-145D-4425-9E70-C55BBAFB94C4}.Release|x64.Build.0 = Release|Any CPU
		{B21F0D17-145D-4425-9E70-C55BBAFB94C4}.Release|x86.ActiveCfg = Release|Any CPU
		{B21F0D17-145D-4425-9E70-C55BBAFB94C4}.Release|x86.Build.0 = Release|Any CPU
		{68A73BEF-4E07-45F4-AE80-E9892A1C681B}.Debug|Any CPU.ActiveCfg = Debug|Any CPU
		{68A73BEF-4E07-45F4-AE80-E9892A1C681B}.Debug|Any CPU.Build.0 = Debug|Any CPU
		{68A73BEF-4E07-45F4-AE80-E9892A1C681B}.Debug|x64.ActiveCfg = Debug|Any CPU
		{68A73BEF-4E07-45F4-AE80-E9892A1C681B}.Debug|x64.Build.0 = Debug|Any CPU
		{68A73BEF-4E07-45F4-AE80-E9892A1C681B}.Debug|x86.ActiveCfg = Debug|Any CPU
		{68A73BEF-4E07-45F4-AE80-E9892A1C681B}.Debug|x86.Build.0 = Debug|Any CPU
		{68A73BEF-4E07-45F4-AE80-E9892A1C681B}.Release|Any CPU.ActiveCfg = Release|Any CPU
		{68A73BEF-4E07-45F4-AE80-E9892A1C681B}.Release|Any CPU.Build.0 = Release|Any CPU
		{68A73BEF-4E07-45F4-AE80-E9892A1C681B}.Release|x64.ActiveCfg = Release|Any CPU
		{68A73BEF-4E07-45F4-AE80-E9892A1C681B}.Release|x64.Build.0 = Release|Any CPU
		{68A73BEF-4E07-45F4-AE80-E9892A1C681B}.Release|x86.ActiveCfg = Release|Any CPU
		{68A73BEF-4E07-45F4-AE80-E9892A1C681B}.Release|x86.Build.0 = Release|Any CPU
		{9A7CF1E9-CC12-457A-8AB8-A17F5D5CCDC4}.Debug|Any CPU.ActiveCfg = Debug|Any CPU
		{9A7CF1E9-CC12-457A-8AB8-A17F5D5CCDC4}.Debug|Any CPU.Build.0 = Debug|Any CPU
		{9A7CF1E9-CC12-457A-8AB8-A17F5D5CCDC4}.Debug|x64.ActiveCfg = Debug|Any CPU
		{9A7CF1E9-CC12-457A-8AB8-A17F5D5CCDC4}.Debug|x64.Build.0 = Debug|Any CPU
		{9A7CF1E9-CC12-457A-8AB8-A17F5D5CCDC4}.Debug|x86.ActiveCfg = Debug|Any CPU
		{9A7CF1E9-CC12-457A-8AB8-A17F5D5CCDC4}.Debug|x86.Build.0 = Debug|Any CPU
		{9A7CF1E9-CC12-457A-8AB8-A17F5D5CCDC4}.Release|Any CPU.ActiveCfg = Release|Any CPU
		{9A7CF1E9-CC12-457A-8AB8-A17F5D5CCDC4}.Release|Any CPU.Build.0 = Release|Any CPU
		{9A7CF1E9-CC12-457A-8AB8-A17F5D5CCDC4}.Release|x64.ActiveCfg = Release|Any CPU
		{9A7CF1E9-CC12-457A-8AB8-A17F5D5CCDC4}.Release|x64.Build.0 = Release|Any CPU
		{9A7CF1E9-CC12-457A-8AB8-A17F5D5CCDC4}.Release|x86.ActiveCfg = Release|Any CPU
		{9A7CF1E9-CC12-457A-8AB8-A17F5D5CCDC4}.Release|x86.Build.0 = Release|Any CPU
		{062DBAE5-43FB-453D-B271-2CFA351CC660}.Debug|Any CPU.ActiveCfg = Debug|Any CPU
		{062DBAE5-43FB-453D-B271-2CFA351CC660}.Debug|Any CPU.Build.0 = Debug|Any CPU
		{062DBAE5-43FB-453D-B271-2CFA351CC660}.Debug|x64.ActiveCfg = Debug|Any CPU
		{062DBAE5-43FB-453D-B271-2CFA351CC660}.Debug|x64.Build.0 = Debug|Any CPU
		{062DBAE5-43FB-453D-B271-2CFA351CC660}.Debug|x86.ActiveCfg = Debug|Any CPU
		{062DBAE5-43FB-453D-B271-2CFA351CC660}.Debug|x86.Build.0 = Debug|Any CPU
		{062DBAE5-43FB-453D-B271-2CFA351CC660}.Release|Any CPU.ActiveCfg = Release|Any CPU
		{062DBAE5-43FB-453D-B271-2CFA351CC660}.Release|Any CPU.Build.0 = Release|Any CPU
		{062DBAE5-43FB-453D-B271-2CFA351CC660}.Release|x64.ActiveCfg = Release|Any CPU
		{062DBAE5-43FB-453D-B271-2CFA351CC660}.Release|x64.Build.0 = Release|Any CPU
		{062DBAE5-43FB-453D-B271-2CFA351CC660}.Release|x86.ActiveCfg = Release|Any CPU
		{062DBAE5-43FB-453D-B271-2CFA351CC660}.Release|x86.Build.0 = Release|Any CPU
		{FBF18E85-FF30-4F4B-8642-90AF88622867}.Debug|Any CPU.ActiveCfg = Debug|Any CPU
		{FBF18E85-FF30-4F4B-8642-90AF88622867}.Debug|Any CPU.Build.0 = Debug|Any CPU
		{FBF18E85-FF30-4F4B-8642-90AF88622867}.Debug|x64.ActiveCfg = Debug|Any CPU
		{FBF18E85-FF30-4F4B-8642-90AF88622867}.Debug|x64.Build.0 = Debug|Any CPU
		{FBF18E85-FF30-4F4B-8642-90AF88622867}.Debug|x86.ActiveCfg = Debug|Any CPU
		{FBF18E85-FF30-4F4B-8642-90AF88622867}.Debug|x86.Build.0 = Debug|Any CPU
		{FBF18E85-FF30-4F4B-8642-90AF88622867}.Release|Any CPU.ActiveCfg = Release|Any CPU
		{FBF18E85-FF30-4F4B-8642-90AF88622867}.Release|Any CPU.Build.0 = Release|Any CPU
		{FBF18E85-FF30-4F4B-8642-90AF88622867}.Release|x64.ActiveCfg = Release|Any CPU
		{FBF18E85-FF30-4F4B-8642-90AF88622867}.Release|x64.Build.0 = Release|Any CPU
		{FBF18E85-FF30-4F4B-8642-90AF88622867}.Release|x86.ActiveCfg = Release|Any CPU
		{FBF18E85-FF30-4F4B-8642-90AF88622867}.Release|x86.Build.0 = Release|Any CPU
		{42C69C81-CEDD-4579-A4AA-F28AE884ACE7}.Debug|Any CPU.ActiveCfg = Debug|Any CPU
		{42C69C81-CEDD-4579-A4AA-F28AE884ACE7}.Debug|Any CPU.Build.0 = Debug|Any CPU
		{42C69C81-CEDD-4579-A4AA-F28AE884ACE7}.Debug|x64.ActiveCfg = Debug|Any CPU
		{42C69C81-CEDD-4579-A4AA-F28AE884ACE7}.Debug|x64.Build.0 = Debug|Any CPU
		{42C69C81-CEDD-4579-A4AA-F28AE884ACE7}.Debug|x86.ActiveCfg = Debug|Any CPU
		{42C69C81-CEDD-4579-A4AA-F28AE884ACE7}.Debug|x86.Build.0 = Debug|Any CPU
		{42C69C81-CEDD-4579-A4AA-F28AE884ACE7}.Release|Any CPU.ActiveCfg = Release|Any CPU
		{42C69C81-CEDD-4579-A4AA-F28AE884ACE7}.Release|Any CPU.Build.0 = Release|Any CPU
		{42C69C81-CEDD-4579-A4AA-F28AE884ACE7}.Release|x64.ActiveCfg = Release|Any CPU
		{42C69C81-CEDD-4579-A4AA-F28AE884ACE7}.Release|x64.Build.0 = Release|Any CPU
		{42C69C81-CEDD-4579-A4AA-F28AE884ACE7}.Release|x86.ActiveCfg = Release|Any CPU
		{42C69C81-CEDD-4579-A4AA-F28AE884ACE7}.Release|x86.Build.0 = Release|Any CPU
		{9ACA7780-79EC-45D3-B2D8-E3605359BCE9}.Debug|Any CPU.ActiveCfg = Debug|Any CPU
		{9ACA7780-79EC-45D3-B2D8-E3605359BCE9}.Debug|Any CPU.Build.0 = Debug|Any CPU
		{9ACA7780-79EC-45D3-B2D8-E3605359BCE9}.Debug|x64.ActiveCfg = Debug|Any CPU
		{9ACA7780-79EC-45D3-B2D8-E3605359BCE9}.Debug|x64.Build.0 = Debug|Any CPU
		{9ACA7780-79EC-45D3-B2D8-E3605359BCE9}.Debug|x86.ActiveCfg = Debug|Any CPU
		{9ACA7780-79EC-45D3-B2D8-E3605359BCE9}.Debug|x86.Build.0 = Debug|Any CPU
		{9ACA7780-79EC-45D3-B2D8-E3605359BCE9}.Release|Any CPU.ActiveCfg = Release|Any CPU
		{9ACA7780-79EC-45D3-B2D8-E3605359BCE9}.Release|Any CPU.Build.0 = Release|Any CPU
		{9ACA7780-79EC-45D3-B2D8-E3605359BCE9}.Release|x64.ActiveCfg = Release|Any CPU
		{9ACA7780-79EC-45D3-B2D8-E3605359BCE9}.Release|x64.Build.0 = Release|Any CPU
		{9ACA7780-79EC-45D3-B2D8-E3605359BCE9}.Release|x86.ActiveCfg = Release|Any CPU
		{9ACA7780-79EC-45D3-B2D8-E3605359BCE9}.Release|x86.Build.0 = Release|Any CPU
	EndGlobalSection
	GlobalSection(SolutionProperties) = preSolution
		HideSolutionNode = FALSE
	EndGlobalSection
	GlobalSection(NestedProjects) = preSolution
		{AAC5D2E6-61FF-45C9-943B-1FBEDFB83312} = {827E0CD3-B72D-47B6-A68D-7590B98EB39B}
		{A5D3BB9D-F158-49E2-8BFF-B46ADBCF6EE6} = {827E0CD3-B72D-47B6-A68D-7590B98EB39B}
		{56C83C02-38C3-44EF-B29D-25BD058DAA45} = {827E0CD3-B72D-47B6-A68D-7590B98EB39B}
		{748789F9-B281-4EC2-AEFA-188D9A783D77} = {827E0CD3-B72D-47B6-A68D-7590B98EB39B}
		{A757FAF6-9635-41A5-AB5C-E5BB8AEE6C3F} = {827E0CD3-B72D-47B6-A68D-7590B98EB39B}
		{762BE074-93C7-493E-A337-698FD15A621A} = {827E0CD3-B72D-47B6-A68D-7590B98EB39B}
		{AC8C5785-4EF8-43F2-B7D7-4C2BA9EAFF6C} = {0AB3BF05-4346-4AA6-1389-037BE0695223}
		{B21F0D17-145D-4425-9E70-C55BBAFB94C4} = {0AB3BF05-4346-4AA6-1389-037BE0695223}
		{68A73BEF-4E07-45F4-AE80-E9892A1C681B} = {0AB3BF05-4346-4AA6-1389-037BE0695223}
		{9A7CF1E9-CC12-457A-8AB8-A17F5D5CCDC4} = {0AB3BF05-4346-4AA6-1389-037BE0695223}
		{062DBAE5-43FB-453D-B271-2CFA351CC660} = {0AB3BF05-4346-4AA6-1389-037BE0695223}
		{FBF18E85-FF30-4F4B-8642-90AF88622867} = {0AB3BF05-4346-4AA6-1389-037BE0695223}
		{42C69C81-CEDD-4579-A4AA-F28AE884ACE7} = {0AB3BF05-4346-4AA6-1389-037BE0695223}
		{9ACA7780-79EC-45D3-B2D8-E3605359BCE9} = {0AB3BF05-4346-4AA6-1389-037BE0695223}
	EndGlobalSection
EndGlobal
