{
  "version": 2,
  "dependencies": {
    "net10.0": {
      "Microsoft.Extensions.DependencyInjection.Abstractions": {
        "type": "Direct",
        "requested": "[10.0.10, )",
        "resolved": "10.0.10",
        "contentHash": "z/2xXlFw2aLGjHyEm6E0tQ+In6VfzQzTrtArbQ2c0TQE16ZbyDCMGPvaUT9I0s8rgy9sRWlU2P9waW37qV04qA=="
      },
      "decisionforge.application": {
        "type": "Project",
        "dependencies": {
          "DecisionForge.Domain": "[1.0.0, )"
        }
      },
      "decisionforge.domain": {
        "type": "Project"
      }
    }
  }
}